
Microsoft Visual Studio Solution File, Format Version 12.00
# Visual Studio Version 16
VisualStudioVersion = 16.0.29926.136
MinimumVisualStudioVersion = 10.0.40219.1
Project("{9A19103F-16F7-4668-BE54-9A1E7A4F7556}") = "EsportManagementApp", "EsportManagementApp.csproj", "{F65F4DE5-71D1-4B2B-88B6-169E11ACA5CA}"
EndProject
Project("{9A19103F-16F7-4668-BE54-9A1E7A4F7556}") = "EntityFrameworkLibrary", "..\EF\EntityFrameworkLibrary.csproj", "{DC56267F-95E3-467C-8132-E2FAB15875F4}"
EndProject
Project("{FAE04EC0-301F-11D3-BF4B-00C04F79EFBC}") = "EsportManagementAppTests", "..\EsportManagementAppTests\EsportManagementAppTests.csproj", "{8A142CC3-5C6D-473A-9388-B39FA08F1243}"
EndProject
Global
	GlobalSection(SolutionConfigurationPlatforms) = preSolution
		Debug|Any CPU = Debug|Any CPU
		Release|Any CPU = Release|Any CPU
	EndGlobalSection
	GlobalSection(ProjectConfigurationPlatforms) = postSolution
		{F65F4DE5-71D1-4B2B-88B6-169E11ACA5CA}.Debug|Any CPU.ActiveCfg = Debug|Any CPU
		{F65F4DE5-71D1-4B2B-88B6-169E11ACA5CA}.Debug|Any CPU.Build.0 = Debug|Any CPU
		{F65F4DE5-71D1-4B2B-88B6-169E11ACA5CA}.Release|Any CPU.ActiveCfg = Release|Any CPU
		{F65F4DE5-71D1-4B2B-88B6-169E11ACA5CA}.Release|Any CPU.Build.0 = Release|Any CPU
		{DC56267F-95E3-467C-8132-E2FAB15875F4}.Debug|Any CPU.ActiveCfg = Debug|Any CPU
		{DC56267F-95E3-467C-8132-E2FAB15875F4}.Debug|Any CPU.Build.0 = Debug|Any CPU
		{DC56267F-95E3-467C-8132-E2FAB15875F4}.Release|Any CPU.ActiveCfg = Release|Any CPU
		{DC56267F-95E3-467C-8132-E2FAB15875F4}.Release|Any CPU.Build.0 = Release|Any CPU
		{8A142CC3-5C6D-473A-9388-B39FA08F1243}.Debug|Any CPU.ActiveCfg = Debug|Any CPU
		{8A142CC3-5C6D-473A-9388-B39FA08F1243}.Debug|Any CPU.Build.0 = Debug|Any CPU
		{8A142CC3-5C6D-473A-9388-B39FA08F1243}.Release|Any CPU.ActiveCfg = Release|Any CPU
		{8A142CC3-5C6D-473A-9388-B39FA08F1243}.Release|Any CPU.Build.0 = Release|Any CPU
	EndGlobalSection
	GlobalSection(SolutionProperties) = preSolution
		HideSolutionNode = FALSE
	EndGlobalSection
	GlobalSection(ExtensibilityGlobals) = postSolution
		SolutionGuid = {4AE42490-9AE3-4146-929F-71419CAD1220}
	EndGlobalSection
EndGlobal
